{
  "name": "poc-monitor-app",
  "version": "1.0.0",
  "lockfileVersion": 1,
  "requires": true,
  "dependencies": {
    "axios": {
      "version": "0.24.0",
      "resolved": "https://registry.npmjs.org/axios/-/axios-0.24.0.tgz",
      "integrity": "sha512-Q6cWsys88HoPgAaFAVUb0WpPk0O8iTeisR9IMqy9G8AbO4NlpVknrnQS03zzF9PGAWgO3cgletO3VjV/P7VztA==",
      "requires": {
        "follow-redirects": "^1.14.4"
      }
    },
    "diskusage": {
      "version": "1.1.3",
      "resolved": "https://registry.npmjs.org/diskusage/-/diskusage-1.1.3.tgz",
      "integrity": "sha512-EAyaxl8hy4Ph07kzlzGTfpbZMNAAAHXSZtNEMwdlnSd1noHzvA6HsgKt4fEMSvaEXQYLSphe5rPMxN4WOj0hcQ==",
      "requires": {
        "es6-promise": "^4.2.5",
        "nan": "^2.14.0"
      }
    },
    "es6-promise": {
      "version": "4.2.8",
      "resolved": "https://registry.npmjs.org/es6-promise/-/es6-promise-4.2.8.tgz",
      "integrity": "sha512-HJDGx5daxeIvxdBxvG2cb9g4tEvwIk3i8+nhX0yGrYmZUzbkdg8QbDevheDB8gd0//uPj4c1EQua8Q+MViT0/w=="
    },
    "follow-redirects": {
      "version": "1.14.6",
      "resolved": "https://registry.npmjs.org/follow-redirects/-/follow-redirects-1.14.6.tgz",
      "integrity": "sha512-fhUl5EwSJbbl8AR+uYL2KQDxLkdSjZGR36xy46AO7cOMTrCMON6Sa28FmAnC2tRTDbd/Uuzz3aJBv7EBN7JH8A=="
    },
    "nan": {
      "version": "2.15.0",
      "resolved": "https://registry.npmjs.org/nan/-/nan-2.15.0.tgz",
      "integrity": "sha512-8ZtvEnA2c5aYCZYd1cvgdnU6cqwixRoYg70xPLWUws5ORTa/lnw+u4amixRS/Ac5U5mQVgp9pnlSUnbNWFaWZQ=="
    },
    "node-os-utils": {
      "version": "1.3.5",
      "resolved": "https://registry.npmjs.org/node-os-utils/-/node-os-utils-1.3.5.tgz",
      "integrity": "sha512-bIJIlk+hA+7/ATnu3sQMtF697iw9T/JksDhKMe9uENG0OhzIG7hLM6fbcyu18bOuajlYWnSlj0IhDo2q7k0ebg=="
    },
    "os-utils": {
      "version": "0.0.14",
      "resolved": "https://registry.npmjs.org/os-utils/-/os-utils-0.0.14.tgz",
      "integrity": "sha1-KeURaXsZgrjGJ3Ihdf45eX72QVY="
    },
    "systeminformation": {
      "version": "5.9.17",
      "resolved": "https://registry.npmjs.org/systeminformation/-/systeminformation-5.9.17.tgz",
      "integrity": "sha512-hbJtPsG63PCst4PLXFq8hycbkeR5oGDquRowfLK0gNX7nJ1qx3tCbsWu83OL4GP1dkcLMKsVooLUn5x2K1Epgg=="
    }
  }
}
